
Microsoft Visual Studio Solution File, Format Version 12.00
# Visual Studio Version 16
VisualStudioVersion = 16.0.30907.101
MinimumVisualStudioVersion = 10.0.40219.1
Project("{FAE04EC0-301F-11D3-BF4B-00C04F79EFBC}") = "DataAccess", "DataAccess\DataAccess.csproj", "{0DA5ECC3-9F3E-40E9-B063-F795F4EDD4DF}"
EndProject
Project("{FAE04EC0-301F-11D3-BF4B-00C04F79EFBC}") = "Business", "Business\Business.csproj", "{2DB4A589-1F3C-47EB-85EC-16496D217049}"
EndProject
Project("{FAE04EC0-301F-11D3-BF4B-00C04F79EFBC}") = "Entities", "Entities\Entities.csproj", "{851C669E-B5C8-47D7-9320-1232537A5C72}"
EndProject
Project("{FAE04EC0-301F-11D3-BF4B-00C04F79EFBC}") = "ConsoleUI", "ConsoleUI\ConsoleUI.csproj", "{FD342EA6-0C87-4097-B013-5C007DA1BC04}"
EndProject
Global
	GlobalSection(SolutionConfigurationPlatforms) = preSolution
		Debug|Any CPU = Debug|Any CPU
		Release|Any CPU = Release|Any CPU
	EndGlobalSection
	GlobalSection(ProjectConfigurationPlatforms) = postSolution
		{0DA5ECC3-9F3E-40E9-B063-F795F4EDD4DF}.Debug|Any CPU.ActiveCfg = Debug|Any CPU
		{0DA5ECC3-9F3E-40E9-B063-F795F4EDD4DF}.Debug|Any CPU.Build.0 = Debug|Any CPU
		{0DA5ECC3-9F3E-40E9-B063-F795F4EDD4DF}.Release|Any CPU.ActiveCfg = Release|Any CPU
		{0DA5ECC3-9F3E-40E9-B063-F795F4EDD4DF}.Release|Any CPU.Build.0 = Release|Any CPU
		{2DB4A589-1F3C-47EB-85EC-16496D217049}.Debug|Any CPU.ActiveCfg = Debug|Any CPU
		{2DB4A589-1F3C-47EB-85EC-16496D217049}.Debug|Any CPU.Build.0 = Debug|Any CPU
		{2DB4A589-1F3C-47EB-85EC-16496D217049}.Release|Any CPU.ActiveCfg = Release|Any CPU
		{2DB4A589-1F3C-47EB-85EC-16496D217049}.Release|Any CPU.Build.0 = Release|Any CPU
		{851C669E-B5C8-47D7-9320-1232537A5C72}.Debug|Any CPU.ActiveCfg = Debug|Any CPU
		{851C669E-B5C8-47D7-9320-1232537A5C72}.Debug|Any CPU.Build.0 = Debug|Any CPU
		{851C669E-B5C8-47D7-9320-1232537A5C72}.Release|Any CPU.ActiveCfg = Release|Any CPU
		{851C669E-B5C8-47D7-9320-1232537A5C72}.Release|Any CPU.Build.0 = Release|Any CPU
		{FD342EA6-0C87-4097-B013-5C007DA1BC04}.Debug|Any CPU.ActiveCfg = Debug|Any CPU
		{FD342EA6-0C87-4097-B013-5C007DA1BC04}.Debug|Any CPU.Build.0 = Debug|Any CPU
		{FD342EA6-0C87-4097-B013-5C007DA1BC04}.Release|Any CPU.ActiveCfg = Release|Any CPU
		{FD342EA6-0C87-4097-B013-5C007DA1BC04}.Release|Any CPU.Build.0 = Release|Any CPU
	EndGlobalSection
	GlobalSection(SolutionProperties) = preSolution
		HideSolutionNode = FALSE
	EndGlobalSection
	GlobalSection(ExtensibilityGlobals) = postSolution
		SolutionGuid = {C392DD3C-3E28-47D9-BB2D-BC14D16B2ED3}
	EndGlobalSection
EndGlobal
